
Microsoft Visual Studio Solution File, Format Version 12.00
# Visual Studio Version 16
VisualStudioVersion = 25.0.1705.2
MinimumVisualStudioVersion = 10.0.40219.1
Project("{FAE04EC0-301F-11D3-BF4B-00C04F79EFBC}") = "dotnet-api", "dotnet-api.csproj", "{EDACA9DC-7423-4459-A668-75203C885CF5}"
EndProject
Global
	GlobalSection(SolutionConfigurationPlatforms) = preSolution
		Debug|Any CPU = Debug|Any CPU
		Release|Any CPU = Release|Any CPU
	EndGlobalSection
	GlobalSection(ProjectConfigurationPlatforms) = postSolution
		{EDACA9DC-7423-4459-A668-75203C885CF5}.Debug|Any CPU.ActiveCfg = Debug|Any CPU
		{EDACA9DC-7423-4459-A668-75203C885CF5}.Debug|Any CPU.Build.0 = Debug|Any CPU
		{EDACA9DC-7423-4459-A668-75203C885CF5}.Release|Any CPU.ActiveCfg = Release|Any CPU
		{EDACA9DC-7423-4459-A668-75203C885CF5}.Release|Any CPU.Build.0 = Release|Any CPU
	EndGlobalSection
	GlobalSection(SolutionProperties) = preSolution
		HideSolutionNode = FALSE
	EndGlobalSection
	GlobalSection(ExtensibilityGlobals) = postSolution
		SolutionGuid = {A6065525-2D3E-4AA5-B673-4E46D3BFD819}
	EndGlobalSection
EndGlobal
