
Microsoft Visual Studio Solution File, Format Version 12.00
# Visual Studio Version 17
VisualStudioVersion = 17.5.33424.131
MinimumVisualStudioVersion = 10.0.40219.1
Project("{FAE04EC0-301F-11D3-BF4B-00C04F79EFBC}") = "Domain", "Domain\Domain.csproj", "{3AA0C55F-B17A-4AA7-8F5E-B3C7F8AF6DB6}"
EndProject
Project("{FAE04EC0-301F-11D3-BF4B-00C04F79EFBC}") = "Application", "Application\Application.csproj", "{16F9D102-5D1A-45C8-AEC9-BB777CF466ED}"
EndProject
Project("{FAE04EC0-301F-11D3-BF4B-00C04F79EFBC}") = "Infrastructure", "Infrastructure\Infrastructure.csproj", "{A7A8B260-E175-4DB8-92BF-6130B0BF85B8}"
EndProject
Project("{FAE04EC0-301F-11D3-BF4B-00C04F79EFBC}") = "Presentation", "Presentation\Presentation.csproj", "{EC4AFC5F-CFFC-4DDE-86A4-6963FCCF701D}"
EndProject
Project("{FAE04EC0-301F-11D3-BF4B-00C04F79EFBC}") = "WebAPI", "WebAPI\WebAPI.csproj", "{B7553F53-8363-4961-A462-ABB6BFFEDBFE}"
EndProject
Project("{2150E333-8FDC-42A3-9474-1A3956D46DE8}") = "src", "src", "{3563598E-DB39-4BE0-8CDA-AC9D86E873D7}"
EndProject
Project("{2150E333-8FDC-42A3-9474-1A3956D46DE8}") = "tests", "tests", "{1A3C6628-3CAF-4F53-965C-0F5645A84BC7}"
EndProject
Project("{FAE04EC0-301F-11D3-BF4B-00C04F79EFBC}") = "Arhitecture.Tests", "Arhitecture.Tests\Arhitecture.Tests.csproj", "{9EFBB17E-8D1A-4525-BE35-F4A96D078802}"
EndProject
Global
	GlobalSection(SolutionConfigurationPlatforms) = preSolution
		Debug|Any CPU = Debug|Any CPU
		Release|Any CPU = Release|Any CPU
	EndGlobalSection
	GlobalSection(ProjectConfigurationPlatforms) = postSolution
		{3AA0C55F-B17A-4AA7-8F5E-B3C7F8AF6DB6}.Debug|Any CPU.ActiveCfg = Debug|Any CPU
		{3AA0C55F-B17A-4AA7-8F5E-B3C7F8AF6DB6}.Debug|Any CPU.Build.0 = Debug|Any CPU
		{3AA0C55F-B17A-4AA7-8F5E-B3C7F8AF6DB6}.Release|Any CPU.ActiveCfg = Release|Any CPU
		{3AA0C55F-B17A-4AA7-8F5E-B3C7F8AF6DB6}.Release|Any CPU.Build.0 = Release|Any CPU
		{16F9D102-5D1A-45C8-AEC9-BB777CF466ED}.Debug|Any CPU.ActiveCfg = Debug|Any CPU
		{16F9D102-5D1A-45C8-AEC9-BB777CF466ED}.Debug|Any CPU.Build.0 = Debug|Any CPU
		{16F9D102-5D1A-45C8-AEC9-BB777CF466ED}.Release|Any CPU.ActiveCfg = Release|Any CPU
		{16F9D102-5D1A-45C8-AEC9-BB777CF466ED}.Release|Any CPU.Build.0 = Release|Any CPU
		{A7A8B260-E175-4DB8-92BF-6130B0BF85B8}.Debug|Any CPU.ActiveCfg = Debug|Any CPU
		{A7A8B260-E175-4DB8-92BF-6130B0BF85B8}.Debug|Any CPU.Build.0 = Debug|Any CPU
		{A7A8B260-E175-4DB8-92BF-6130B0BF85B8}.Release|Any CPU.ActiveCfg = Release|Any CPU
		{A7A8B260-E175-4DB8-92BF-6130B0BF85B8}.Release|Any CPU.Build.0 = Release|Any CPU
		{EC4AFC5F-CFFC-4DDE-86A4-6963FCCF701D}.Debug|Any CPU.ActiveCfg = Debug|Any CPU
		{EC4AFC5F-CFFC-4DDE-86A4-6963FCCF701D}.Debug|Any CPU.Build.0 = Debug|Any CPU
		{EC4AFC5F-CFFC-4DDE-86A4-6963FCCF701D}.Release|Any CPU.ActiveCfg = Release|Any CPU
		{EC4AFC5F-CFFC-4DDE-86A4-6963FCCF701D}.Release|Any CPU.Build.0 = Release|Any CPU
		{B7553F53-8363-4961-A462-ABB6BFFEDBFE}.Debug|Any CPU.ActiveCfg = Debug|Any CPU
		{B7553F53-8363-4961-A462-ABB6BFFEDBFE}.Debug|Any CPU.Build.0 = Debug|Any CPU
		{B7553F53-8363-4961-A462-ABB6BFFEDBFE}.Release|Any CPU.ActiveCfg = Release|Any CPU
		{B7553F53-8363-4961-A462-ABB6BFFEDBFE}.Release|Any CPU.Build.0 = Release|Any CPU
		{9EFBB17E-8D1A-4525-BE35-F4A96D078802}.Debug|Any CPU.ActiveCfg = Debug|Any CPU
		{9EFBB17E-8D1A-4525-BE35-F4A96D078802}.Debug|Any CPU.Build.0 = Debug|Any CPU
		{9EFBB17E-8D1A-4525-BE35-F4A96D078802}.Release|Any CPU.ActiveCfg = Release|Any CPU
		{9EFBB17E-8D1A-4525-BE35-F4A96D078802}.Release|Any CPU.Build.0 = Release|Any CPU
	EndGlobalSection
	GlobalSection(SolutionProperties) = preSolution
		HideSolutionNode = FALSE
	EndGlobalSection
	GlobalSection(NestedProjects) = preSolution
		{3AA0C55F-B17A-4AA7-8F5E-B3C7F8AF6DB6} = {3563598E-DB39-4BE0-8CDA-AC9D86E873D7}
		{16F9D102-5D1A-45C8-AEC9-BB777CF466ED} = {3563598E-DB39-4BE0-8CDA-AC9D86E873D7}
		{A7A8B260-E175-4DB8-92BF-6130B0BF85B8} = {3563598E-DB39-4BE0-8CDA-AC9D86E873D7}
		{EC4AFC5F-CFFC-4DDE-86A4-6963FCCF701D} = {3563598E-DB39-4BE0-8CDA-AC9D86E873D7}
		{B7553F53-8363-4961-A462-ABB6BFFEDBFE} = {3563598E-DB39-4BE0-8CDA-AC9D86E873D7}
		{9EFBB17E-8D1A-4525-BE35-F4A96D078802} = {1A3C6628-3CAF-4F53-965C-0F5645A84BC7}
	EndGlobalSection
	GlobalSection(ExtensibilityGlobals) = postSolution
		SolutionGuid = {E7B1F9C9-7E75-4E63-B8C7-0768147B090A}
	EndGlobalSection
EndGlobal
